{
  "name": "校园跑腿",
  "version": "1.0.0",
  "lockfileVersion": 3,
  "requires": true,
  "packages": {
    "": {
      "name": "校园跑腿",
      "version": "1.0.0",
      "dependencies": {
        "@dcloudio/uni-app": "latest",
        "@dcloudio/uni-ui": "^1.4.0"
      }
    },
    "node_modules/@dcloudio/types": {
      "version": "3.4.30",
      "resolved": "https://registry.npmjs.org/@dcloudio/types/-/types-3.4.30.tgz",
      "integrity": "sha512-qUSRM4x8ekdtZHpYaz0gUd2+wDBeCo3jWmhc+hqX8hUx0KoModW8dI7FJQYMfMGRF2F/gbvy9LWUyV50M7VF6g==",
      "license": "Apache-2.0",
      "peer": true
    },
    "node_modules/@dcloudio/uni-app": {
      "version": "2.0.2-5000520260324002",
      "resolved": "https://registry.npmjs.org/@dcloudio/uni-app/-/uni-app-2.0.2-5000520260324002.tgz",
      "integrity": "sha512-+i0q3uajU3xNHlwHEwi8Dslw65uw7zukFpCwlQgQeicCXg3vfxbRHpIZq3KrGxz8FZai/T6xUwoFvcuLgTSq4w==",
      "license": "Apache-2.0",
      "peerDependencies": {
        "@dcloudio/types": "^3.0.15",
        "@vue/composition-api": "^1.7.0"
      }
    },
    "node_modules/@dcloudio/uni-ui": {
      "version": "1.5.12",
      "resolved": "https://registry.npmjs.org/@dcloudio/uni-ui/-/uni-ui-1.5.12.tgz",
      "integrity": "sha512-mGDl2OZSz7D8xcUAzJegWDHOqB4MEFBSW9Esb/oJiu2/3Gk9+P/Z4bA4JZ9jv9VWBYbMrYwaTfK1Z728kABdYg==",
      "license": "Apache-2.0"
    },
    "node_modules/@vue/composition-api": {
      "version": "1.7.2",
      "resolved": "https://registry.npmjs.org/@vue/composition-api/-/composition-api-1.7.2.tgz",
      "integrity": "sha512-M8jm9J/laYrYT02665HkZ5l2fWTK4dcVg3BsDHm/pfz+MjDYwX+9FUaZyGwEyXEDonQYRCo0H7aLgdklcIELjw==",
      "license": "MIT",
      "peer": true,
      "peerDependencies": {
        "vue": ">= 2.5 < 2.7"
      }
    },
    "node_modules/vue": {
      "version": "2.6.14",
      "resolved": "https://registry.npmjs.org/vue/-/vue-2.6.14.tgz",
      "integrity": "sha512-x2284lgYvjOMj3Za7kqzRcUSxBboHqtgRE2zlos1qWaOye5yUmHn42LB1250NJBLRwEcdrB0JRwyPTEPhfQjiQ==",
      "deprecated": "Vue 2 has reached EOL and is no longer actively maintained. See https://v2.vuejs.org/eol/ for more details.",
      "license": "MIT",
      "peer": true
    }
  }
}
